PODS:
  - FantasticSnowflake (1.0.0):
    - Reindeers
  - Reindeers (2.2.0)

DEPENDENCIES:
  - FantasticSnowflake (from `../../`)
  - Reindeers (from `https://github.com/onmyway133/Reindeers.git`)

EXTERNAL SOURCES:
  FantasticSnowflake:
    :path: "../../"
  Reindeers:
    :git: https://github.com/onmyway133/Reindeers.git

CHECKOUT OPTIONS:
  Reindeers:
    :commit: 9499a4cc6f104ea21295c21309d7ff51a6d451e7
    :git: https://github.com/onmyway133/Reindeers.git

SPEC CHECKSUMS:
  FantasticSnowflake: 984ed6d72a45ed39cec2d50149bc7a3a4949d590
  Reindeers: 0c781130bc9088550c70d02a1caf3e328a4b1126

PODFILE CHECKSUM: 95ffa33ed47db101e599cc5518a1da9120801319

COCOAPODS: 1.6.1
